
Microsoft Visual Studio Solution File, Format Version 12.00
# Visual Studio Version 16
VisualStudioVersion = 16.0.30413.136
MinimumVisualStudioVersion = 10.0.40219.1
Project("{FAE04EC0-301F-11D3-BF4B-00C04F79EFBC}") = "a", "Training_02_02_2021\Training_02_02_2021.csproj", "{D686D3DE-57E6-426D-8F11-6536C139390F}"
EndProject
Global
	GlobalSection(SolutionConfigurationPlatforms) = preSolution
		Debug|Any CPU = Debug|Any CPU
		Release|Any CPU = Release|Any CPU
	EndGlobalSection
	GlobalSection(ProjectConfigurationPlatforms) = postSolution
		{D686D3DE-57E6-426D-8F11-6536C139390F}.Debug|Any CPU.ActiveCfg = Debug|Any CPU
		{D686D3DE-57E6-426D-8F11-6536C139390F}.Debug|Any CPU.Build.0 = Debug|Any CPU
		{D686D3DE-57E6-426D-8F11-6536C139390F}.Release|Any CPU.ActiveCfg = Release|Any CPU
		{D686D3DE-57E6-426D-8F11-6536C139390F}.Release|Any CPU.Build.0 = Release|Any CPU
	EndGlobalSection
	GlobalSection(SolutionProperties) = preSolution
		HideSolutionNode = FALSE
	EndGlobalSection
	GlobalSection(ExtensibilityGlobals) = postSolution
		SolutionGuid = {FE5F8F2F-6EBE-4180-B87F-3511D01101DA}
	EndGlobalSection
EndGlobal
